
Microsoft Visual Studio Solution File, Format Version 12.00
# Visual Studio Version 16
VisualStudioVersion = 16.0.29709.97
MinimumVisualStudioVersion = 10.0.40219.1
Project("{FAE04EC0-301F-11D3-BF4B-00C04F79EFBC}") = "EF_Repository_UnitOfWork", "EF_Repository_UnitOfWork.csproj", "{0BA4FD6B-B7B9-4C9D-9EC6-F85CC8D93F34}"
EndProject
Global
	GlobalSection(SolutionConfigurationPlatforms) = preSolution
		Debug|Any CPU = Debug|Any CPU
		Release|Any CPU = Release|Any CPU
	EndGlobalSection
	GlobalSection(ProjectConfigurationPlatforms) = postSolution
		{0BA4FD6B-B7B9-4C9D-9EC6-F85CC8D93F34}.Debug|Any CPU.ActiveCfg = Debug|Any CPU
		{0BA4FD6B-B7B9-4C9D-9EC6-F85CC8D93F34}.Debug|Any CPU.Build.0 = Debug|Any CPU
		{0BA4FD6B-B7B9-4C9D-9EC6-F85CC8D93F34}.Release|Any CPU.ActiveCfg = Release|Any CPU
		{0BA4FD6B-B7B9-4C9D-9EC6-F85CC8D93F34}.Release|Any CPU.Build.0 = Release|Any CPU
	EndGlobalSection
	GlobalSection(SolutionProperties) = preSolution
		HideSolutionNode = FALSE
	EndGlobalSection
	GlobalSection(ExtensibilityGlobals) = postSolution
		SolutionGuid = {39C352E9-CEF3-47DA-9E67-43D2E93724DA}
	EndGlobalSection
EndGlobal
